
Microsoft Visual Studio Solution File, Format Version 12.00
# Visual Studio Version 17
VisualStudioVersion = 17.12.35707.178
MinimumVisualStudioVersion = 10.0.40219.1
Project("{2150E333-8FDC-42A3-9474-1A3956D46DE8}") = "services", "services", "{241BD208-1C24-4A40-8AD7-90FCC4403E13}"
EndProject
Project("{2150E333-8FDC-42A3-9474-1A3956D46DE8}") = "Catalog", "Catalog", "{9A08AD3F-08CF-47A0-B632-CFAB601C9F91}"
EndProject
Project("{FAE04EC0-301F-11D3-BF4B-00C04F79EFBC}") = "Catalog.API", "Services\Catalog\Catalog.API\Catalog.API.csproj", "{DEA1738A-B255-40E7-8982-EA217EBC3AE8}"
EndProject
Project("{2150E333-8FDC-42A3-9474-1A3956D46DE8}") = "BuildingBlocks", "BuildingBlocks", "{E9E3C543-258A-4EDF-9692-AD8890F7BA32}"
EndProject
Project("{FAE04EC0-301F-11D3-BF4B-00C04F79EFBC}") = "BuildingBlocks", "BuildingBlocks\BuildingBlocks\BuildingBlocks.csproj", "{A99B0311-B1DF-46E1-867C-9E3E68CD5F7F}"
EndProject
Project("{E53339B2-1760-4266-BCC7-CA923CBCF16C}") = "docker-compose", "docker-compose.dcproj", "{22CE33D1-4A0B-435B-9E57-3C75EC8C8F34}"
EndProject
Project("{2150E333-8FDC-42A3-9474-1A3956D46DE8}") = "Basket", "Basket", "{10B14E3A-B565-4889-A248-C3194653400A}"
EndProject
Project("{FAE04EC0-301F-11D3-BF4B-00C04F79EFBC}") = "Basket.API", "Services\Basket\Basket.API\Basket.API.csproj", "{D7CD63C1-EF87-43D7-BD74-F746CF9373B7}"
EndProject
Project("{2150E333-8FDC-42A3-9474-1A3956D46DE8}") = "Discount", "Discount", "{4C627B85-91F5-4038-B5D9-5102B9148BA2}"
EndProject
Project("{FAE04EC0-301F-11D3-BF4B-00C04F79EFBC}") = "Discount.Grpc", "Services\Discount\Discount.Grpc\Discount.Grpc.csproj", "{559EC95F-4831-495B-B498-064F75C11543}"
EndProject
Project("{2150E333-8FDC-42A3-9474-1A3956D46DE8}") = "Ordering", "Ordering", "{CDBB2267-5559-4131-8897-898DDB1CE132}"
EndProject
Project("{FAE04EC0-301F-11D3-BF4B-00C04F79EFBC}") = "Ordering.API", "Services\Ordering\Ordering.API\Ordering.API.csproj", "{17468F63-779D-463D-A739-56FEB96C3872}"
EndProject
Project("{FAE04EC0-301F-11D3-BF4B-00C04F79EFBC}") = "Ordering.Domain", "Services\Ordering\Ordering.Domain\Ordering.Domain.csproj", "{5175AD56-E4B9-4D11-9FF2-C97C9D33A789}"
EndProject
Project("{FAE04EC0-301F-11D3-BF4B-00C04F79EFBC}") = "Ordering.Application", "Services\Ordering\Ordering.Application\Ordering.Application.csproj", "{38D906A1-1BE5-410C-AA57-A42DFF2E5EBA}"
EndProject
Project("{FAE04EC0-301F-11D3-BF4B-00C04F79EFBC}") = "Ordering.Infrastructure", "Services\Ordering\Ordering.Infrastructure\Ordering.Infrastructure.csproj", "{A735DEC3-9299-4322-A856-951E19D47E98}"
EndProject
Project("{FAE04EC0-301F-11D3-BF4B-00C04F79EFBC}") = "BuildingBlocks.Messaging", "BuildingBlocks\BuildingBlocks.Messaging\BuildingBlocks.Messaging.csproj", "{844F1760-E0F1-487A-98D5-285936559F3C}"
EndProject
Project("{2150E333-8FDC-42A3-9474-1A3956D46DE8}") = "ApiGateways", "ApiGateways", "{02EA681E-C7D8-13C7-8484-4AC65E1B71E8}"
EndProject
Project("{2150E333-8FDC-42A3-9474-1A3956D46DE8}") = "WebApps", "WebApps", "{7AD840EC-26C3-46D8-B385-375F9672EC83}"
EndProject
Project("{FAE04EC0-301F-11D3-BF4B-00C04F79EFBC}") = "Shopping.Web", "WebApps\Shopping.Web\Shopping.Web.csproj", "{4DC21A64-6BEC-2157-21C9-3978B424596B}"
EndProject
Project("{FAE04EC0-301F-11D3-BF4B-00C04F79EFBC}") = "YarpApiGateway", "ApiGateways\YarpApiGateway\YarpApiGateway.csproj", "{CD1E3997-CB61-55DC-2713-83D96C1016DB}"
EndProject
Global
	GlobalSection(SolutionConfigurationPlatforms) = preSolution
		Debug|Any CPU = Debug|Any CPU
		Release|Any CPU = Release|Any CPU
	EndGlobalSection
	GlobalSection(ProjectConfigurationPlatforms) = postSolution
		{DEA1738A-B255-40E7-8982-EA217EBC3AE8}.Debug|Any CPU.ActiveCfg = Debug|Any CPU
		{DEA1738A-B255-40E7-8982-EA217EBC3AE8}.Debug|Any CPU.Build.0 = Debug|Any CPU
		{DEA1738A-B255-40E7-8982-EA217EBC3AE8}.Release|Any CPU.ActiveCfg = Release|Any CPU
		{DEA1738A-B255-40E7-8982-EA217EBC3AE8}.Release|Any CPU.Build.0 = Release|Any CPU
		{A99B0311-B1DF-46E1-867C-9E3E68CD5F7F}.Debug|Any CPU.ActiveCfg = Debug|Any CPU
		{A99B0311-B1DF-46E1-867C-9E3E68CD5F7F}.Debug|Any CPU.Build.0 = Debug|Any CPU
		{A99B0311-B1DF-46E1-867C-9E3E68CD5F7F}.Release|Any CPU.ActiveCfg = Release|Any CPU
		{A99B0311-B1DF-46E1-867C-9E3E68CD5F7F}.Release|Any CPU.Build.0 = Release|Any CPU
		{22CE33D1-4A0B-435B-9E57-3C75EC8C8F34}.Debug|Any CPU.ActiveCfg = Debug|Any CPU
		{22CE33D1-4A0B-435B-9E57-3C75EC8C8F34}.Debug|Any CPU.Build.0 = Debug|Any CPU
		{22CE33D1-4A0B-435B-9E57-3C75EC8C8F34}.Release|Any CPU.ActiveCfg = Release|Any CPU
		{22CE33D1-4A0B-435B-9E57-3C75EC8C8F34}.Release|Any CPU.Build.0 = Release|Any CPU
		{D7CD63C1-EF87-43D7-BD74-F746CF9373B7}.Debug|Any CPU.ActiveCfg = Debug|Any CPU
		{D7CD63C1-EF87-43D7-BD74-F746CF9373B7}.Debug|Any CPU.Build.0 = Debug|Any CPU
		{D7CD63C1-EF87-43D7-BD74-F746CF9373B7}.Release|Any CPU.ActiveCfg = Release|Any CPU
		{D7CD63C1-EF87-43D7-BD74-F746CF9373B7}.Release|Any CPU.Build.0 = Release|Any CPU
		{559EC95F-4831-495B-B498-064F75C11543}.Debug|Any CPU.ActiveCfg = Debug|Any CPU
		{559EC95F-4831-495B-B498-064F75C11543}.Debug|Any CPU.Build.0 = Debug|Any CPU
		{559EC95F-4831-495B-B498-064F75C11543}.Release|Any CPU.ActiveCfg = Release|Any CPU
		{559EC95F-4831-495B-B498-064F75C11543}.Release|Any CPU.Build.0 = Release|Any CPU
		{17468F63-779D-463D-A739-56FEB96C3872}.Debug|Any CPU.ActiveCfg = Debug|Any CPU
		{17468F63-779D-463D-A739-56FEB96C3872}.Debug|Any CPU.Build.0 = Debug|Any CPU
		{17468F63-779D-463D-A739-56FEB96C3872}.Release|Any CPU.ActiveCfg = Release|Any CPU
		{17468F63-779D-463D-A739-56FEB96C3872}.Release|Any CPU.Build.0 = Release|Any CPU
		{5175AD56-E4B9-4D11-9FF2-C97C9D33A789}.Debug|Any CPU.ActiveCfg = Debug|Any CPU
		{5175AD56-E4B9-4D11-9FF2-C97C9D33A789}.Debug|Any CPU.Build.0 = Debug|Any CPU
		{5175AD56-E4B9-4D11-9FF2-C97C9D33A789}.Release|Any CPU.ActiveCfg = Release|Any CPU
		{5175AD56-E4B9-4D11-9FF2-C97C9D33A789}.Release|Any CPU.Build.0 = Release|Any CPU
		{38D906A1-1BE5-410C-AA57-A42DFF2E5EBA}.Debug|Any CPU.ActiveCfg = Debug|Any CPU
		{38D906A1-1BE5-410C-AA57-A42DFF2E5EBA}.Debug|Any CPU.Build.0 = Debug|Any CPU
		{38D906A1-1BE5-410C-AA57-A42DFF2E5EBA}.Release|Any CPU.ActiveCfg = Release|Any CPU
		{38D906A1-1BE5-410C-AA57-A42DFF2E5EBA}.Release|Any CPU.Build.0 = Release|Any CPU
		{A735DEC3-9299-4322-A856-951E19D47E98}.Debug|Any CPU.ActiveCfg = Debug|Any CPU
		{A735DEC3-9299-4322-A856-951E19D47E98}.Debug|Any CPU.Build.0 = Debug|Any CPU
		{A735DEC3-9299-4322-A856-951E19D47E98}.Release|Any CPU.ActiveCfg = Release|Any CPU
		{A735DEC3-9299-4322-A856-951E19D47E98}.Release|Any CPU.Build.0 = Release|Any CPU
		{844F1760-E0F1-487A-98D5-285936559F3C}.Debug|Any CPU.ActiveCfg = Debug|Any CPU
		{844F1760-E0F1-487A-98D5-285936559F3C}.Debug|Any CPU.Build.0 = Debug|Any CPU
		{844F1760-E0F1-487A-98D5-285936559F3C}.Release|Any CPU.ActiveCfg = Release|Any CPU
		{844F1760-E0F1-487A-98D5-285936559F3C}.Release|Any CPU.Build.0 = Release|Any CPU
		{4DC21A64-6BEC-2157-21C9-3978B424596B}.Debug|Any CPU.ActiveCfg = Debug|Any CPU
		{4DC21A64-6BEC-2157-21C9-3978B424596B}.Debug|Any CPU.Build.0 = Debug|Any CPU
		{4DC21A64-6BEC-2157-21C9-3978B424596B}.Release|Any CPU.ActiveCfg = Release|Any CPU
		{4DC21A64-6BEC-2157-21C9-3978B424596B}.Release|Any CPU.Build.0 = Release|Any CPU
		{CD1E3997-CB61-55DC-2713-83D96C1016DB}.Debug|Any CPU.ActiveCfg = Debug|Any CPU
		{CD1E3997-CB61-55DC-2713-83D96C1016DB}.Debug|Any CPU.Build.0 = Debug|Any CPU
		{CD1E3997-CB61-55DC-2713-83D96C1016DB}.Release|Any CPU.ActiveCfg = Release|Any CPU
		{CD1E3997-CB61-55DC-2713-83D96C1016DB}.Release|Any CPU.Build.0 = Release|Any CPU
	EndGlobalSection
	GlobalSection(SolutionProperties) = preSolution
		HideSolutionNode = FALSE
	EndGlobalSection
	GlobalSection(NestedProjects) = preSolution
		{9A08AD3F-08CF-47A0-B632-CFAB601C9F91} = {241BD208-1C24-4A40-8AD7-90FCC4403E13}
		{DEA1738A-B255-40E7-8982-EA217EBC3AE8} = {9A08AD3F-08CF-47A0-B632-CFAB601C9F91}
		{A99B0311-B1DF-46E1-867C-9E3E68CD5F7F} = {E9E3C543-258A-4EDF-9692-AD8890F7BA32}
		{10B14E3A-B565-4889-A248-C3194653400A} = {241BD208-1C24-4A40-8AD7-90FCC4403E13}
		{D7CD63C1-EF87-43D7-BD74-F746CF9373B7} = {10B14E3A-B565-4889-A248-C3194653400A}
		{4C627B85-91F5-4038-B5D9-5102B9148BA2} = {241BD208-1C24-4A40-8AD7-90FCC4403E13}
		{559EC95F-4831-495B-B498-064F75C11543} = {4C627B85-91F5-4038-B5D9-5102B9148BA2}
		{CDBB2267-5559-4131-8897-898DDB1CE132} = {241BD208-1C24-4A40-8AD7-90FCC4403E13}
		{17468F63-779D-463D-A739-56FEB96C3872} = {CDBB2267-5559-4131-8897-898DDB1CE132}
		{5175AD56-E4B9-4D11-9FF2-C97C9D33A789} = {CDBB2267-5559-4131-8897-898DDB1CE132}
		{38D906A1-1BE5-410C-AA57-A42DFF2E5EBA} = {CDBB2267-5559-4131-8897-898DDB1CE132}
		{A735DEC3-9299-4322-A856-951E19D47E98} = {CDBB2267-5559-4131-8897-898DDB1CE132}
		{844F1760-E0F1-487A-98D5-285936559F3C} = {E9E3C543-258A-4EDF-9692-AD8890F7BA32}
		{4DC21A64-6BEC-2157-21C9-3978B424596B} = {7AD840EC-26C3-46D8-B385-375F9672EC83}
		{CD1E3997-CB61-55DC-2713-83D96C1016DB} = {02EA681E-C7D8-13C7-8484-4AC65E1B71E8}
	EndGlobalSection
	GlobalSection(ExtensibilityGlobals) = postSolution
		SolutionGuid = {AE59BA63-BFBE-4F26-9C33-0FFBD909F134}
	EndGlobalSection
EndGlobal
